
Microsoft Visual Studio Solution File, Format Version 12.00
# Visual Studio Version 16
VisualStudioVersion = 16.0.30406.217
MinimumVisualStudioVersion = 10.0.40219.1
Project("{FAE04EC0-301F-11D3-BF4B-00C04F79EFBC}") = "SQLiteEFCodeFirstDemo", "SQLiteEFCodeFirstDemo\SQLiteEFCodeFirstDemo.csproj", "{A8A315F7-36C3-4812-9F09-EF13582E7F68}"
EndProject
Global
	GlobalSection(SolutionConfigurationPlatforms) = preSolution
		Debug|Any CPU = Debug|Any CPU
		Release|Any CPU = Release|Any CPU
	EndGlobalSection
	GlobalSection(ProjectConfigurationPlatforms) = postSolution
		{A8A315F7-36C3-4812-9F09-EF13582E7F68}.Debug|Any CPU.ActiveCfg = Debug|Any CPU
		{A8A315F7-36C3-4812-9F09-EF13582E7F68}.Debug|Any CPU.Build.0 = Debug|Any CPU
		{A8A315F7-36C3-4812-9F09-EF13582E7F68}.Release|Any CPU.ActiveCfg = Release|Any CPU
		{A8A315F7-36C3-4812-9F09-EF13582E7F68}.Release|Any CPU.Build.0 = Release|Any CPU
	EndGlobalSection
	GlobalSection(SolutionProperties) = preSolution
		HideSolutionNode = FALSE
	EndGlobalSection
	GlobalSection(ExtensibilityGlobals) = postSolution
		SolutionGuid = {53D098E6-8F56-4CED-8299-B9406CC0A257}
	EndGlobalSection
EndGlobal
